
Microsoft Visual Studio Solution File, Format Version 12.00
# Visual Studio 15
VisualStudioVersion = 15.0.28307.271
MinimumVisualStudioVersion = 10.0.40219.1
Project("{FAE04EC0-301F-11D3-BF4B-00C04F79EFBC}") = "PizzariaJoaoPuccini", "PizzariaJoaoPuccini\PizzariaJoaoPuccini.csproj", "{93F968D6-B02F-4741-BB55-37246D0C03D5}"
EndProject
Global
	GlobalSection(SolutionConfigurationPlatforms) = preSolution
		Debug|Any CPU = Debug|Any CPU
		Release|Any CPU = Release|Any CPU
	EndGlobalSection
	GlobalSection(ProjectConfigurationPlatforms) = postSolution
		{93F968D6-B02F-4741-BB55-37246D0C03D5}.Debug|Any CPU.ActiveCfg = Debug|Any CPU
		{93F968D6-B02F-4741-BB55-37246D0C03D5}.Debug|Any CPU.Build.0 = Debug|Any CPU
		{93F968D6-B02F-4741-BB55-37246D0C03D5}.Release|Any CPU.ActiveCfg = Release|Any CPU
		{93F968D6-B02F-4741-BB55-37246D0C03D5}.Release|Any CPU.Build.0 = Release|Any CPU
	EndGlobalSection
	GlobalSection(SolutionProperties) = preSolution
		HideSolutionNode = FALSE
	EndGlobalSection
	GlobalSection(ExtensibilityGlobals) = postSolution
		SolutionGuid = {11B2D107-90DF-444A-B961-D074E8CA7FC6}
	EndGlobalSection
EndGlobal
